<?xml version="1.0" encoding="utf-8"?>
<Project ToolsVersion="4.0" xmlns="http://schemas.microsoft.com/developer/msbuild/2003">
  <ItemGroup>
    <Filter Include="Source Files">
      <UniqueIdentifier>{4FC737F1-C7A5-4376-A066-2A32D752A2FF}</UniqueIdentifier>
      <Extensions>cpp;c;cc;cxx;c++;cppm;ixx;def;odl;idl;hpj;bat;asm;asmx</Extensions>
    </Filter>
    <Filter Include="Header Files">
      <UniqueIdentifier>{93995380-89BD-4b04-88EB-625FBE52EBFB}</UniqueIdentifier>
      <Extensions>h;hh;hpp;hxx;h++;hm;inl;inc;ipp;xsd</Extensions>
    </Filter>
    <Filter Include="Resource Files">
      <UniqueIdentifier>{67DA6AB6-F800-4c08-8B7A-83BB121AAD01}</UniqueIdentifier>
      <Extensions>rc;ico;cur;bmp;dlg;rc2;rct;bin;rgs;gif;jpg;jpeg;jpe;resx;tiff;tif;png;wav;mfcribbon-ms</Extensions>
    </Filter>
    <Filter Include="shaders">
      <UniqueIdentifier>{a404f779-ac50-4553-aee2-b05400c4a24b}</UniqueIdentifier>
    </Filter>
    <Filter Include="shaders\vertex">
      <UniqueIdentifier>{6b685550-be49-40db-a511-bfc8ac93124c}</UniqueIdentifier>
      <Extensions>vert</Extensions>
    </Filter>
    <Filter Include="shaders\fragment">
      <UniqueIdentifier>{49de49b5-b5c1-46a5-b787-befd59bccc9c}</UniqueIdentifier>
      <Extensions>frag</Extensions>
    </Filter>
    <Filter Include="utils">
      <UniqueIdentifier>{4497b46f-a3e7-4a34-a448-771eff13366d}</UniqueIdentifier>
    </Filter>
    <Filter Include="systems">
      <UniqueIdentifier>{ca3e693c-bbfe-4c82-97ed-0fea293c041d}</UniqueIdentifier>
    </Filter>
    <Filter Include="external">
      <UniqueIdentifier>{779f8ae4-0f36-4ab4-8b51-28efd3fa3081}</UniqueIdentifier>
    </Filter>
    <Filter Include="external\imgui">
      <UniqueIdentifier>{e8ffcd6d-9088-4f66-8831-0dbbd5fe6a65}</UniqueIdentifier>
      <Extensions>cpp;hpp;h</Extensions>
    </Filter>
    <Filter Include="shaders\compute">
      <UniqueIdentifier>{c3f6c26b-d019-4b03-b609-15ef24f9e394}</UniqueIdentifier>
      <Extensions>comp</Extensions>
    </Filter>
  </ItemGroup>
  <ItemGroup>
    <ClCompile Include="..\..\src\main.cpp">
      <Filter>Source Files</Filter>
    </ClCompile>
    <ClCompile Include="..\..\src\narwhal_window.cpp">
      <Filter>Source Files</Filter>
    </ClCompile>
    <ClCompile Include="..\..\src\first_app.cpp">
      <Filter>Source Files</Filter>
    </ClCompile>
    <ClCompile Include="..\..\src\narwhal_pipeline.cpp">
      <Filter>Source Files</Filter>
    </ClCompile>
    <ClCompile Include="..\..\src\utils\utils.cpp">
      <Filter>utils</Filter>
    </ClCompile>
    <ClCompile Include="..\..\src\narwhal_device.cpp">
      <Filter>Source Files</Filter>
    </ClCompile>
    <ClCompile Include="..\..\src\narwhal_swap_chain.cpp">
      <Filter>Source Files</Filter>
    </ClCompile>
    <ClCompile Include="..\..\src\narwhal_model.cpp">
      <Filter>Source Files</Filter>
    </ClCompile>
    <ClCompile Include="..\..\src\narwhal_game_object.cpp">
      <Filter>Source Files</Filter>
    </ClCompile>
    <ClCompile Include="..\..\src\narwhal_renderer.cpp">
      <Filter>Source Files</Filter>
    </ClCompile>
    <ClCompile Include="..\..\src\narwhal_camera.cpp">
      <Filter>Source Files</Filter>
    </ClCompile>
    <ClCompile Include="..\..\src\keyboard_movement_controller.cpp">
      <Filter>Source Files</Filter>
    </ClCompile>
    <ClCompile Include="..\..\src\narwhal_buffer.cpp">
      <Filter>Source Files</Filter>
    </ClCompile>
    <ClCompile Include="..\..\src\narwhal_descriptors.cpp">
      <Filter>Source Files</Filter>
    </ClCompile>
    <ClCompile Include="..\..\src\systems\point_light_system.cpp">
      <Filter>systems</Filter>
    </ClCompile>
    <ClCompile Include="..\..\src\systems\simple_render_system.cpp">
      <Filter>systems</Filter>
    </ClCompile>
    <ClCompile Include="..\..\external\imgui\imgui.cpp">
      <Filter>external\imgui</Filter>
    </ClCompile>
    <ClCompile Include="..\..\external\imgui\imgui_demo.cpp">
      <Filter>external\imgui</Filter>
    </ClCompile>
    <ClCompile Include="..\..\external\imgui\imgui_draw.cpp">
      <Filter>external\imgui</Filter>
    </ClCompile>
    <ClCompile Include="..\..\external\imgui\imgui_impl_glfw.cpp">
      <Filter>external\imgui</Filter>
    </ClCompile>
    <ClCompile Include="..\..\external\imgui\imgui_impl_vulkan.cpp">
      <Filter>external\imgui</Filter>
    </ClCompile>
    <ClCompile Include="..\..\external\imgui\imgui_tables.cpp">
      <Filter>external\imgui</Filter>
    </ClCompile>
    <ClCompile Include="..\..\external\imgui\imgui_widgets.cpp">
      <Filter>external\imgui</Filter>
    </ClCompile>
    <ClCompile Include="..\..\src\systems\narwhal_imgui.cpp">
      <Filter>systems</Filter>
    </ClCompile>
    <ClCompile Include="..\..\src\narwhal_image_old.cpp">
      <Filter>Source Files</Filter>
    </ClCompile>
    <ClCompile Include="..\..\src\systems\compute_shader_test.cpp">
      <Filter>systems</Filter>
    </ClCompile>
    <ClCompile Include="..\..\src\black_hole_app.cpp">
      <Filter>Source Files</Filter>
    </ClCompile>
    <ClCompile Include="..\..\src\narwhal_storage_image.cpp">
      <Filter>Source Files</Filter>
    </ClCompile>
    <ClCompile Include="..\..\src\systems\black_hole_compute_system.cpp">
      <Filter>systems</Filter>
    </ClCompile>
    <ClCompile Include="..\..\src\narwhal_cubemap.cpp">
      <Filter>Source Files</Filter>
    </ClCompile>
    <ClCompile Include="..\..\src\systems\quad_render_system.cpp">
      <Filter>systems</Filter>
    </ClCompile>
    <ClCompile Include="..\..\src\narwhal_image.cpp">
      <Filter>Source Files</Filter>
    </ClCompile>
  </ItemGroup>
  <ItemGroup>
    <ClInclude Include="..\..\src\first_app.hpp">
      <Filter>Header Files</Filter>
    </ClInclude>
    <ClInclude Include="..\..\src\narwhal_pipeline.hpp">
      <Filter>Header Files</Filter>
    </ClInclude>
    <ClInclude Include="..\..\src\utils\utils.hpp">
      <Filter>utils</Filter>
    </ClInclude>
    <ClInclude Include="..\..\src\narwhal_device.hpp">
      <Filter>Header Files</Filter>
    </ClInclude>
    <ClInclude Include="..\..\src\narwhal_window.hpp">
      <Filter>Header Files</Filter>
    </ClInclude>
    <ClInclude Include="..\..\src\narwhal_swap_chain.hpp">
      <Filter>Header Files</Filter>
    </ClInclude>
    <ClInclude Include="..\..\src\narwhal_model.hpp">
      <Filter>Header Files</Filter>
    </ClInclude>
    <ClInclude Include="..\..\src\narwhal_game_object.hpp">
      <Filter>Header Files</Filter>
    </ClInclude>
    <ClInclude Include="..\..\src\narwhal_renderer.hpp">
      <Filter>Header Files</Filter>
    </ClInclude>
    <ClInclude Include="..\..\src\narwhal_camera.hpp">
      <Filter>Header Files</Filter>
    </ClInclude>
    <ClInclude Include="..\..\src\keyboard_movement_controller.hpp">
      <Filter>Header Files</Filter>
    </ClInclude>
    <ClInclude Include="..\..\src\narwhal_buffer.hpp">
      <Filter>Header Files</Filter>
    </ClInclude>
    <ClInclude Include="..\..\src\narwhal_frame_info.hpp">
      <Filter>Header Files</Filter>
    </ClInclude>
    <ClInclude Include="..\..\src\narwhal_descriptors.hpp">
      <Filter>Header Files</Filter>
    </ClInclude>
    <ClInclude Include="..\..\src\systems\simple_render_system.hpp">
      <Filter>systems</Filter>
    </ClInclude>
    <ClInclude Include="..\..\src\systems\point_light_system.hpp">
      <Filter>systems</Filter>
    </ClInclude>
    <ClInclude Include="..\..\external\imgui\imgui.h">
      <Filter>external\imgui</Filter>
    </ClInclude>
    <ClInclude Include="..\..\external\imgui\imgui_impl_glfw.h">
      <Filter>external\imgui</Filter>
    </ClInclude>
    <ClInclude Include="..\..\external\imgui\imgui_impl_vulkan.h">
      <Filter>external\imgui</Filter>
    </ClInclude>
    <ClInclude Include="..\..\external\imgui\imgui_internal.h">
      <Filter>external\imgui</Filter>
    </ClInclude>
    <ClInclude Include="..\..\external\imgui\imstb_rectpack.h">
      <Filter>external\imgui</Filter>
    </ClInclude>
    <ClInclude Include="..\..\external\imgui\imstb_textedit.h">
      <Filter>external\imgui</Filter>
    </ClInclude>
    <ClInclude Include="..\..\external\imgui\imstb_truetype.h">
      <Filter>external\imgui</Filter>
    </ClInclude>
    <ClInclude Include="..\..\external\imgui\imconfig.h">
      <Filter>external\imgui</Filter>
    </ClInclude>
    <ClInclude Include="..\..\src\systems\narwhal_imgui.hpp">
      <Filter>systems</Filter>
    </ClInclude>
    <ClInclude Include="..\..\src\narwhal_image_old.hpp">
      <Filter>Header Files</Filter>
    </ClInclude>
    <ClInclude Include="..\..\src\systems\compute_shader_test.hpp">
      <Filter>systems</Filter>
    </ClInclude>
    <ClInclude Include="..\..\src\black_hole_app.hpp">
      <Filter>Header Files</Filter>
    </ClInclude>
    <ClInclude Include="..\..\src\narwhal_storage_image.hpp">
      <Filter>Header Files</Filter>
    </ClInclude>
    <ClInclude Include="..\..\src\systems\black_hole_compute_system.hpp">
      <Filter>systems</Filter>
    </ClInclude>
    <ClInclude Include="..\..\src\narwhal_cubemap.hpp">
      <Filter>Header Files</Filter>
    </ClInclude>
    <ClInclude Include="..\..\src\systems\quad_render_system.hpp">
      <Filter>systems</Filter>
    </ClInclude>
    <ClInclude Include="..\..\src\narwhal_image.hpp">
      <Filter>Header Files</Filter>
    </ClInclude>
  </ItemGroup>
  <ItemGroup>
    <None Include="..\..\src\compile.bat">
      <Filter>Resource Files</Filter>
    </None>
  </ItemGroup>
  <ItemGroup>
    <CustomBuild Include="..\..\data\shaders\*.frag;..\..\data\shaders\*.vert;..\..\data\shaders\*.comp">
      <Filter>shaders\fragment</Filter>
    </CustomBuild>
    <CustomBuild Include="..\..\data\shaders\*.frag;..\..\data\shaders\*.vert;..\..\data\shaders\*.comp">
      <Filter>shaders\fragment</Filter>
    </CustomBuild>
    <CustomBuild Include="..\..\data\shaders\*.frag;..\..\data\shaders\*.vert;..\..\data\shaders\*.comp">
      <Filter>shaders\vertex</Filter>
    </CustomBuild>
    <CustomBuild Include="..\..\data\shaders\*.frag;..\..\data\shaders\*.vert;..\..\data\shaders\*.comp">
      <Filter>shaders\vertex</Filter>
    </CustomBuild>
    <CustomBuild Include="..\..\data\shaders\*.frag;..\..\data\shaders\*.vert;..\..\data\shaders\*.comp">
      <Filter>shaders\compute</Filter>
    </CustomBuild>
    <CustomBuild Include="..\..\data\shaders\*.frag;..\..\data\shaders\*.vert;..\..\data\shaders\*.comp">
      <Filter>shaders\fragment</Filter>
    </CustomBuild>
    <CustomBuild Include="..\..\data\shaders\*.frag;..\..\data\shaders\*.vert;..\..\data\shaders\*.comp">
      <Filter>shaders\vertex</Filter>
    </CustomBuild>
    <CustomBuild Include="..\..\data\shaders\*.frag;..\..\data\shaders\*.vert;..\..\data\shaders\*.comp">
      <Filter>shaders\vertex</Filter>
    </CustomBuild>
    <CustomBuild Include="..\..\data\shaders\*.frag;..\..\data\shaders\*.vert;..\..\data\shaders\*.comp">
      <Filter>shaders\compute</Filter>
    </CustomBuild>
    <CustomBuild Include="..\..\data\shaders\*.frag;..\..\data\shaders\*.vert;..\..\data\shaders\*.comp">
      <Filter>shaders\compute</Filter>
    </CustomBuild>
    <CustomBuild Include="..\..\data\shaders\*.frag;..\..\data\shaders\*.vert;..\..\data\shaders\*.comp">
      <Filter>shaders\fragment</Filter>
    </CustomBuild>
    <CustomBuild Include="..\..\data\shaders\*.frag;..\..\data\shaders\*.vert;..\..\data\shaders\*.comp">
      <Filter>shaders\vertex</Filter>
    </CustomBuild>
    <CustomBuild Include="..\..\data\shaders\*.frag;..\..\data\shaders\*.vert;..\..\data\shaders\*.comp">
      <Filter>shaders\vertex</Filter>
    </CustomBuild>
    <CustomBuild Include="..\..\data\shaders\*.frag;..\..\data\shaders\*.vert;..\..\data\shaders\*.comp">
      <Filter>shaders\compute</Filter>
    </CustomBuild>
    <CustomBuild Include="..\..\data\shaders\*.frag;..\..\data\shaders\*.vert;..\..\data\shaders\*.comp">
      <Filter>shaders\compute</Filter>
    </CustomBuild>
    <CustomBuild Include="..\..\data\shaders\*.frag;..\..\data\shaders\*.vert;..\..\data\shaders\*.comp">
      <Filter>shaders\fragment</Filter>
    </CustomBuild>
    <CustomBuild Include="..\..\data\shaders\*.frag;..\..\data\shaders\*.vert;..\..\data\shaders\*.comp">
      <Filter>shaders\vertex</Filter>
    </CustomBuild>
    <CustomBuild Include="..\..\data\shaders\*.frag;..\..\data\shaders\*.vert;..\..\data\shaders\*.comp">
      <Filter>shaders\vertex</Filter>
    </CustomBuild>
    <CustomBuild Include="..\..\data\shaders\*.frag;..\..\data\shaders\*.vert;..\..\data\shaders\*.comp">
      <Filter>shaders\compute</Filter>
    </CustomBuild>
    <CustomBuild Include="..\..\data\shaders\*.frag;..\..\data\shaders\*.vert;..\..\data\shaders\*.comp">
      <Filter>shaders\compute</Filter>
    </CustomBuild>
    <CustomBuild Include="..\..\data\shaders\*.frag;..\..\data\shaders\*.vert;..\..\data\shaders\*.comp">
      <Filter>shaders\fragment</Filter>
    </CustomBuild>
    <CustomBuild Include="..\..\data\shaders\*.frag;..\..\data\shaders\*.vert;..\..\data\shaders\*.comp">
      <Filter>shaders\vertex</Filter>
    </CustomBuild>
    <CustomBuild Include="..\..\data\shaders\*.frag;..\..\data\shaders\*.vert;..\..\data\shaders\*.comp">
      <Filter>shaders\vertex</Filter>
    </CustomBuild>
    <CustomBuild Include="..\..\data\shaders\*.frag;..\..\data\shaders\*.vert;..\..\data\shaders\*.comp">
      <Filter>shaders\compute</Filter>
    </CustomBuild>
    <CustomBuild Include="..\..\data\shaders\*.frag;..\..\data\shaders\*.vert;..\..\data\shaders\*.comp">
      <Filter>shaders\compute</Filter>
    </CustomBuild>
    <CustomBuild Include="..\..\data\shaders\*.frag;..\..\data\shaders\*.vert;..\..\data\shaders\*.comp">
      <Filter>shaders\compute</Filter>
    </CustomBuild>
    <CustomBuild Include="..\..\data\shaders\*.frag;..\..\data\shaders\*.vert;..\..\data\shaders\*.comp">
      <Filter>shaders\compute</Filter>
    </CustomBuild>
    <CustomBuild Include="..\..\data\shaders\*.frag;..\..\data\shaders\*.vert;..\..\data\shaders\*.comp">
      <Filter>shaders\fragment</Filter>
    </CustomBuild>
    <CustomBuild Include="..\..\data\shaders\*.frag;..\..\data\shaders\*.vert;..\..\data\shaders\*.comp">
      <Filter>shaders\vertex</Filter>
    </CustomBuild>
    <CustomBuild Include="..\..\data\shaders\*.frag;..\..\data\shaders\*.vert;..\..\data\shaders\*.comp">
      <Filter>shaders\vertex</Filter>
    </CustomBuild>
    <CustomBuild Include="..\..\data\shaders\*.frag;..\..\data\shaders\*.vert;..\..\data\shaders\*.comp">
      <Filter>shaders\compute</Filter>
    </CustomBuild>
    <CustomBuild Include="..\..\data\shaders\*.frag;..\..\data\shaders\*.vert;..\..\data\shaders\*.comp">
      <Filter>shaders\compute</Filter>
    </CustomBuild>
    <CustomBuild Include="..\..\data\shaders\*.frag;..\..\data\shaders\*.vert;..\..\data\shaders\*.comp">
      <Filter>shaders\compute</Filter>
    </CustomBuild>
    <CustomBuild Include="..\..\data\shaders\*.frag;..\..\data\shaders\*.vert;..\..\data\shaders\*.comp">
      <Filter>shaders\compute</Filter>
    </CustomBuild>
    <CustomBuild Include="..\..\data\shaders\*.frag;..\..\data\shaders\*.vert;..\..\data\shaders\*.comp">
      <Filter>shaders\fragment</Filter>
    </CustomBuild>
    <CustomBuild Include="..\..\data\shaders\*.frag;..\..\data\shaders\*.vert;..\..\data\shaders\*.comp">
      <Filter>shaders\vertex</Filter>
    </CustomBuild>
    <CustomBuild Include="..\..\data\shaders\*.frag;..\..\data\shaders\*.vert;..\..\data\shaders\*.comp">
      <Filter>shaders\vertex</Filter>
    </CustomBuild>
    <CustomBuild Include="..\..\data\shaders\*.frag;..\..\data\shaders\*.vert;..\..\data\shaders\*.comp">
      <Filter>shaders\compute</Filter>
    </CustomBuild>
    <CustomBuild Include="..\..\data\shaders\*.frag;..\..\data\shaders\*.vert;..\..\data\shaders\*.comp">
      <Filter>shaders\compute</Filter>
    </CustomBuild>
    <CustomBuild Include="..\..\data\shaders\*.frag;..\..\data\shaders\*.vert;..\..\data\shaders\*.comp">
      <Filter>shaders\compute</Filter>
    </CustomBuild>
    <CustomBuild Include="..\..\data\shaders\*.frag;..\..\data\shaders\*.vert;..\..\data\shaders\*.comp">
      <Filter>shaders\compute</Filter>
    </CustomBuild>
    <CustomBuild Include="..\..\data\shaders\*.frag;..\..\data\shaders\*.vert;..\..\data\shaders\*.comp">
      <Filter>shaders\fragment</Filter>
    </CustomBuild>
    <CustomBuild Include="..\..\data\shaders\*.frag;..\..\data\shaders\*.vert;..\..\data\shaders\*.comp">
      <Filter>shaders\fragment</Filter>
    </CustomBuild>
    <CustomBuild Include="..\..\data\shaders\*.frag;..\..\data\shaders\*.vert;..\..\data\shaders\*.comp">
      <Filter>shaders\vertex</Filter>
    </CustomBuild>
    <CustomBuild Include="..\..\data\shaders\*.frag;..\..\data\shaders\*.vert;..\..\data\shaders\*.comp">
      <Filter>shaders\vertex</Filter>
    </CustomBuild>
    <CustomBuild Include="..\..\data\shaders\*.frag;..\..\data\shaders\*.vert;..\..\data\shaders\*.comp">
      <Filter>shaders\vertex</Filter>
    </CustomBuild>
    <CustomBuild Include="..\..\data\shaders\*.frag;..\..\data\shaders\*.vert;..\..\data\shaders\*.comp">
      <Filter>shaders\compute</Filter>
    </CustomBuild>
    <CustomBuild Include="..\..\data\shaders\*.frag;..\..\data\shaders\*.vert;..\..\data\shaders\*.comp">
      <Filter>shaders\compute</Filter>
    </CustomBuild>
    <CustomBuild Include="..\..\data\shaders\*.frag;..\..\data\shaders\*.vert;..\..\data\shaders\*.comp">
      <Filter>shaders\compute</Filter>
    </CustomBuild>
    <CustomBuild Include="..\..\data\shaders\*.frag;..\..\data\shaders\*.vert;..\..\data\shaders\*.comp">
      <Filter>shaders\compute</Filter>
    </CustomBuild>
  </ItemGroup>
</Project>